
Microsoft Visual Studio Solution File, Format Version 12.00
# Visual Studio 15
VisualStudioVersion = 15.0.28307.168
MinimumVisualStudioVersion = 10.0.40219.1
Project("{FAE04EC0-301F-11D3-BF4B-00C04F79EFBC}") = "LabNumber27", "LabNumber27\LabNumber27.csproj", "{43394ACE-BC8F-4766-820E-72EDEDEFC10D}"
EndProject
Project("{FAE04EC0-301F-11D3-BF4B-00C04F79EFBC}") = "DemoLibrary", "DemoLibrary\DemoLibrary.csproj", "{7A2B2013-FE14-42FD-A1C5-52C3C0F6363B}"
EndProject
Global
	GlobalSection(SolutionConfigurationPlatforms) = preSolution
		Debug|Any CPU = Debug|Any CPU
		Release|Any CPU = Release|Any CPU
	EndGlobalSection
	GlobalSection(ProjectConfigurationPlatforms) = postSolution
		{43394ACE-BC8F-4766-820E-72EDEDEFC10D}.Debug|Any CPU.ActiveCfg = Debug|Any CPU
		{43394ACE-BC8F-4766-820E-72EDEDEFC10D}.Debug|Any CPU.Build.0 = Debug|Any CPU
		{43394ACE-BC8F-4766-820E-72EDEDEFC10D}.Release|Any CPU.ActiveCfg = Release|Any CPU
		{43394ACE-BC8F-4766-820E-72EDEDEFC10D}.Release|Any CPU.Build.0 = Release|Any CPU
		{7A2B2013-FE14-42FD-A1C5-52C3C0F6363B}.Debug|Any CPU.ActiveCfg = Debug|Any CPU
		{7A2B2013-FE14-42FD-A1C5-52C3C0F6363B}.Debug|Any CPU.Build.0 = Debug|Any CPU
		{7A2B2013-FE14-42FD-A1C5-52C3C0F6363B}.Release|Any CPU.ActiveCfg = Release|Any CPU
		{7A2B2013-FE14-42FD-A1C5-52C3C0F6363B}.Release|Any CPU.Build.0 = Release|Any CPU
	EndGlobalSection
	GlobalSection(SolutionProperties) = preSolution
		HideSolutionNode = FALSE
	EndGlobalSection
	GlobalSection(ExtensibilityGlobals) = postSolution
		SolutionGuid = {63EABA82-E5F1-4773-9BD7-542134189556}
	EndGlobalSection
EndGlobal
